
Microsoft Visual Studio Solution File, Format Version 11.00
# Visual Studio 2010
Project("{FAE04EC0-301F-11D3-BF4B-00C04F79EFBC}") = "image pointer", "image pointer\image pointer.csproj", "{C7058C85-742C-48E7-B211-63643C6A413E}"
EndProject
Global
	GlobalSection(SolutionConfigurationPlatforms) = preSolution
		Debug|x86 = Debug|x86
		Release|x86 = Release|x86
	EndGlobalSection
	GlobalSection(ProjectConfigurationPlatforms) = postSolution
		{C7058C85-742C-48E7-B211-63643C6A413E}.Debug|x86.ActiveCfg = Debug|x86
		{C7058C85-742C-48E7-B211-63643C6A413E}.Debug|x86.Build.0 = Debug|x86
		{C7058C85-742C-48E7-B211-63643C6A413E}.Release|x86.ActiveCfg = Release|x86
		{C7058C85-742C-48E7-B211-63643C6A413E}.Release|x86.Build.0 = Release|x86
	EndGlobalSection
	GlobalSection(SolutionProperties) = preSolution
		HideSolutionNode = FALSE
	EndGlobalSection
EndGlobal
